
Microsoft Visual Studio Solution File, Format Version 12.00
# Visual Studio Version 17
VisualStudioVersion = 17.6.33723.286
MinimumVisualStudioVersion = 10.0.40219.1
Project("{9A19103F-16F7-4668-BE54-9A1E7A4F7556}") = "Lab08", "Lab08\Lab08.csproj", "{92A9DAFB-1EC7-4ED6-AC36-C478B3289FCB}"
EndProject
Project("{FAE04EC0-301F-11D3-BF4B-00C04F79EFBC}") = "TestProject1", "TestProject1\TestProject1.csproj", "{07F96969-7A67-4BE4-9134-9D6BB60C8DEA}"
EndProject
Global
	GlobalSection(SolutionConfigurationPlatforms) = preSolution
		Debug|Any CPU = Debug|Any CPU
		Release|Any CPU = Release|Any CPU
	EndGlobalSection
	GlobalSection(ProjectConfigurationPlatforms) = postSolution
		{92A9DAFB-1EC7-4ED6-AC36-C478B3289FCB}.Debug|Any CPU.ActiveCfg = Debug|Any CPU
		{92A9DAFB-1EC7-4ED6-AC36-C478B3289FCB}.Debug|Any CPU.Build.0 = Debug|Any CPU
		{92A9DAFB-1EC7-4ED6-AC36-C478B3289FCB}.Release|Any CPU.ActiveCfg = Release|Any CPU
		{92A9DAFB-1EC7-4ED6-AC36-C478B3289FCB}.Release|Any CPU.Build.0 = Release|Any CPU
		{07F96969-7A67-4BE4-9134-9D6BB60C8DEA}.Debug|Any CPU.ActiveCfg = Debug|Any CPU
		{07F96969-7A67-4BE4-9134-9D6BB60C8DEA}.Debug|Any CPU.Build.0 = Debug|Any CPU
		{07F96969-7A67-4BE4-9134-9D6BB60C8DEA}.Release|Any CPU.ActiveCfg = Release|Any CPU
		{07F96969-7A67-4BE4-9134-9D6BB60C8DEA}.Release|Any CPU.Build.0 = Release|Any CPU
	EndGlobalSection
	GlobalSection(SolutionProperties) = preSolution
		HideSolutionNode = FALSE
	EndGlobalSection
	GlobalSection(ExtensibilityGlobals) = postSolution
		SolutionGuid = {CC88BD72-FCDC-4D95-A2E2-312A4F68E27C}
	EndGlobalSection
EndGlobal
